// !$*UTF8*$!
{
	archiveVersion = 1;
	classes = {
	};
	objectVersion = 50;
	objects = {

/* Begin PBXBuildFile section */
		51C9958A25FA75C000E848C9 /* AppDelegate.swift in Sources */ = {isa = PBXBuildFile; fileRef = 51C9958925FA75C000E848C9 /* AppDelegate.swift */; };
		51C9958C25FA75C000E848C9 /* SceneDelegate.swift in Sources */ = {isa = PBXBuildFile; fileRef = 51C9958B25FA75C000E848C9 /* SceneDelegate.swift */; };
		51C9958E25FA75C000E848C9 /* ContentView.swift in Sources */ = {isa = PBXBuildFile; fileRef = 51C9958D25FA75C000E848C9 /* ContentView.swift */; };
		51C9959025FA75C100E848C9 /* Assets.xcassets in Resources */ = {isa = PBXBuildFile; fileRef = 51C9958F25FA75C100E848C9 /* Assets.xcassets */; };
		51C9959325FA75C100E848C9 /* Preview Assets.xcassets in Resources */ = {isa = PBXBuildFile; fileRef = 51C9959225FA75C100E848C9 /* Preview Assets.xcassets */; };
		51C9959625FA75C100E848C9 /* LaunchScreen.storyboard in Resources */ = {isa = PBXBuildFile; fileRef = 51C9959425FA75C100E848C9 /* LaunchScreen.storyboard */; };
		51C995A125FA75C100E848C9 /* PawPlanTests.swift in Sources */ = {isa = PBXBuildFile; fileRef = 51C995A025FA75C100E848C9 /* PawPlanTests.swift */; };
		51C995AC25FA75C100E848C9 /* PawPlanUITests.swift in Sources */ = {isa = PBXBuildFile; fileRef = 51C995AB25FA75C100E848C9 /* PawPlanUITests.swift */; };
		51D85F05262720ED00ED897D /* MonthView.swift in Sources */ = {isa = PBXBuildFile; fileRef = 51D85F04262720ED00ED897D /* MonthView.swift */; };
		51D85F072627221300ED897D /* Month.swift in Sources */ = {isa = PBXBuildFile; fileRef = 51D85F062627221300ED897D /* Month.swift */; };
		51D85F0D26287FC700ED897D /* MonthDetail.swift in Sources */ = {isa = PBXBuildFile; fileRef = 51D85F0C26287FC700ED897D /* MonthDetail.swift */; };
		AD1ABE6426023E0F0073AECD /* DayView.swift in Sources */ = {isa = PBXBuildFile; fileRef = AD1ABE6326023E0F0073AECD /* DayView.swift */; };
		AD1ABE6626023EB80073AECD /* DayDetail.swift in Sources */ = {isa = PBXBuildFile; fileRef = AD1ABE6526023EB80073AECD /* DayDetail.swift */; };
		AD1ABE68260244830073AECD /* Day.swift in Sources */ = {isa = PBXBuildFile; fileRef = AD1ABE67260244830073AECD /* Day.swift */; };
		AD1ABE6A260252600073AECD /* AddButtonView.swift in Sources */ = {isa = PBXBuildFile; fileRef = AD1ABE69260252600073AECD /* AddButtonView.swift */; };
		AD938E40260B742000C39C22 /* Event.swift in Sources */ = {isa = PBXBuildFile; fileRef = AD938E3F260B742000C39C22 /* Event.swift */; };
		AD938E44261F433800C39C22 /* PetView.swift in Sources */ = {isa = PBXBuildFile; fileRef = AD938E43261F433800C39C22 /* PetView.swift */; };
		AD938E46261F438B00C39C22 /* Pet.swift in Sources */ = {isa = PBXBuildFile; fileRef = AD938E45261F438B00C39C22 /* Pet.swift */; };
		AD938E48261F44EB00C39C22 /* InfoButtonView.swift in Sources */ = {isa = PBXBuildFile; fileRef = AD938E47261F44EB00C39C22 /* InfoButtonView.swift */; };
		E3B69151261C830E003F554F /* EventDetail.swift in Sources */ = {isa = PBXBuildFile; fileRef = E3B69150261C830E003F554F /* EventDetail.swift */; };
		E3B69153261C8882003F554F /* EventView.swift in Sources */ = {isa = PBXBuildFile; fileRef = E3B69152261C8882003F554F /* EventView.swift */; };
/* End PBXBuildFile section */

/* Begin PBXContainerItemProxy section */
		51C9959D25FA75C100E848C9 /* PBXContainerItemProxy */ = {
			isa = PBXContainerItemProxy;
			containerPortal = 51C9957E25FA75C000E848C9 /* Project object */;
			proxyType = 1;
			remoteGlobalIDString = 51C9958525FA75C000E848C9;
			remoteInfo = PawPlan;
		};
		51C995A825FA75C100E848C9 /* PBXContainerItemProxy */ = {
			isa = PBXContainerItemProxy;
			containerPortal = 51C9957E25FA75C000E848C9 /* Project object */;
			proxyType = 1;
			remoteGlobalIDString = 51C9958525FA75C000E848C9;
			remoteInfo = PawPlan;
		};
/* End PBXContainerItemProxy section */

/* Begin PBXFileReference section */
		51C9958625FA75C000E848C9 /* PawPlan.app */ = {isa = PBXFileReference; explicitFileType = wrapper.application; includeInIndex = 0; path = PawPlan.app; sourceTree = BUILT_PRODUCTS_DIR; };
		51C9958925FA75C000E848C9 /* AppDelegate.swift */ = {isa = PBXFileReference; lastKnownFileType = sourcecode.swift; path = AppDelegate.swift; sourceTree = "<group>"; };
		51C9958B25FA75C000E848C9 /* SceneDelegate.swift */ = {isa = PBXFileReference; lastKnownFileType = sourcecode.swift; path = SceneDelegate.swift; sourceTree = "<group>"; };
		51C9958D25FA75C000E848C9 /* ContentView.swift */ = {isa = PBXFileReference; lastKnownFileType = sourcecode.swift; path = ContentView.swift; sourceTree = "<group>"; };
		51C9958F25FA75C100E848C9 /* Assets.xcassets */ = {isa = PBXFileReference; lastKnownFileType = folder.assetcatalog; path = Assets.xcassets; sourceTree = "<group>"; };
		51C9959225FA75C100E848C9 /* Preview Assets.xcassets */ = {isa = PBXFileReference; lastKnownFileType = folder.assetcatalog; path = "Preview Assets.xcassets"; sourceTree = "<group>"; };
		51C9959525FA75C100E848C9 /* Base */ = {isa = PBXFileReference; lastKnownFileType = file.storyboard; name = Base; path = Base.lproj/LaunchScreen.storyboard; sourceTree = "<group>"; };
		51C9959725FA75C100E848C9 /* Info.plist */ = {isa = PBXFileReference; lastKnownFileType = text.plist.xml; path = Info.plist; sourceTree = "<group>"; };
		51C9959C25FA75C100E848C9 /* PawPlanTests.xctest */ = {isa = PBXFileReference; explicitFileType = wrapper.cfbundle; includeInIndex = 0; path = PawPlanTests.xctest; sourceTree = BUILT_PRODUCTS_DIR; };
		51C995A025FA75C100E848C9 /* PawPlanTests.swift */ = {isa = PBXFileReference; lastKnownFileType = sourcecode.swift; path = PawPlanTests.swift; sourceTree = "<group>"; };
		51C995A225FA75C100E848C9 /* Info.plist */ = {isa = PBXFileReference; lastKnownFileType = text.plist.xml; path = Info.plist; sourceTree = "<group>"; };
		51C995A725FA75C100E848C9 /* PawPlanUITests.xctest */ = {isa = PBXFileReference; explicitFileType = wrapper.cfbundle; includeInIndex = 0; path = PawPlanUITests.xctest; sourceTree = BUILT_PRODUCTS_DIR; };
		51C995AB25FA75C100E848C9 /* PawPlanUITests.swift */ = {isa = PBXFileReference; lastKnownFileType = sourcecode.swift; path = PawPlanUITests.swift; sourceTree = "<group>"; };
		51C995AD25FA75C100E848C9 /* Info.plist */ = {isa = PBXFileReference; lastKnownFileType = text.plist.xml; path = Info.plist; sourceTree = "<group>"; };
		51D85F04262720ED00ED897D /* MonthView.swift */ = {isa = PBXFileReference; lastKnownFileType = sourcecode.swift; path = MonthView.swift; sourceTree = "<group>"; };
		51D85F062627221300ED897D /* Month.swift */ = {isa = PBXFileReference; lastKnownFileType = sourcecode.swift; path = Month.swift; sourceTree = "<group>"; };
		51D85F0C26287FC700ED897D /* MonthDetail.swift */ = {isa = PBXFileReference; lastKnownFileType = sourcecode.swift; path = MonthDetail.swift; sourceTree = "<group>"; };
		AD1ABE6326023E0F0073AECD /* DayView.swift */ = {isa = PBXFileReference; lastKnownFileType = sourcecode.swift; path = DayView.swift; sourceTree = "<group>"; };
		AD1ABE6526023EB80073AECD /* DayDetail.swift */ = {isa = PBXFileReference; lastKnownFileType = sourcecode.swift; path = DayDetail.swift; sourceTree = "<group>"; };
		AD1ABE67260244830073AECD /* Day.swift */ = {isa = PBXFileReference; lastKnownFileType = sourcecode.swift; path = Day.swift; sourceTree = "<group>"; };
		AD1ABE69260252600073AECD /* AddButtonView.swift */ = {isa = PBXFileReference; lastKnownFileType = sourcecode.swift; path = AddButtonView.swift; sourceTree = "<group>"; };
		AD938E3F260B742000C39C22 /* Event.swift */ = {isa = PBXFileReference; lastKnownFileType = sourcecode.swift; path = Event.swift; sourceTree = "<group>"; };
		AD938E43261F433800C39C22 /* PetView.swift */ = {isa = PBXFileReference; lastKnownFileType = sourcecode.swift; path = PetView.swift; sourceTree = "<group>"; };
		AD938E45261F438B00C39C22 /* Pet.swift */ = {isa = PBXFileReference; lastKnownFileType = sourcecode.swift; path = Pet.swift; sourceTree = "<group>"; };
		AD938E47261F44EB00C39C22 /* InfoButtonView.swift */ = {isa = PBXFileReference; lastKnownFileType = sourcecode.swift; path = InfoButtonView.swift; sourceTree = "<group>"; };
		E3B69150261C830E003F554F /* EventDetail.swift */ = {isa = PBXFileReference; lastKnownFileType = sourcecode.swift; path = EventDetail.swift; sourceTree = "<group>"; };
		E3B69152261C8882003F554F /* EventView.swift */ = {isa = PBXFileReference; lastKnownFileType = sourcecode.swift; path = EventView.swift; sourceTree = "<group>"; };
/* End PBXFileReference section */

/* Begin PBXFrameworksBuildPhase section */
		51C9958325FA75C000E848C9 /* Frameworks */ = {
			isa = PBXFrameworksBuildPhase;
			buildActionMask = 2147483647;
			files = (
			);
			runOnlyForDeploymentPostprocessing = 0;
		};
		51C9959925FA75C100E848C9 /* Frameworks */ = {
			isa = PBXFrameworksBuildPhase;
			buildActionMask = 2147483647;
			files = (
			);
			runOnlyForDeploymentPostprocessing = 0;
		};
		51C995A425FA75C100E848C9 /* Frameworks */ = {
			isa = PBXFrameworksBuildPhase;
			buildActionMask = 2147483647;
			files = (
			);
			runOnlyForDeploymentPostprocessing = 0;
		};
/* End PBXFrameworksBuildPhase section */

/* Begin PBXGroup section */
		51C9957D25FA75C000E848C9 = {
			isa = PBXGroup;
			children = (
				51C9958825FA75C000E848C9 /* PawPlan */,
				51C9959F25FA75C100E848C9 /* PawPlanTests */,
				51C995AA25FA75C100E848C9 /* PawPlanUITests */,
				51C9958725FA75C000E848C9 /* Products */,
			);
			sourceTree = "<group>";
		};
		51C9958725FA75C000E848C9 /* Products */ = {
			isa = PBXGroup;
			children = (
				51C9958625FA75C000E848C9 /* PawPlan.app */,
				51C9959C25FA75C100E848C9 /* PawPlanTests.xctest */,
				51C995A725FA75C100E848C9 /* PawPlanUITests.xctest */,
			);
			name = Products;
			sourceTree = "<group>";
		};
		51C9958825FA75C000E848C9 /* PawPlan */ = {
			isa = PBXGroup;
			children = (
				51C9958925FA75C000E848C9 /* AppDelegate.swift */,
				51C9958B25FA75C000E848C9 /* SceneDelegate.swift */,
				51C9958D25FA75C000E848C9 /* ContentView.swift */,
				51C9958F25FA75C100E848C9 /* Assets.xcassets */,
				51C9959425FA75C100E848C9 /* LaunchScreen.storyboard */,
				51C9959725FA75C100E848C9 /* Info.plist */,
				51C9959125FA75C100E848C9 /* Preview Content */,
				AD1ABE6326023E0F0073AECD /* DayView.swift */,
				AD1ABE6526023EB80073AECD /* DayDetail.swift */,
				AD1ABE67260244830073AECD /* Day.swift */,
				AD1ABE69260252600073AECD /* AddButtonView.swift */,
				AD938E3F260B742000C39C22 /* Event.swift */,
				E3B69150261C830E003F554F /* EventDetail.swift */,
				E3B69152261C8882003F554F /* EventView.swift */,
				51D85F04262720ED00ED897D /* MonthView.swift */,
				51D85F062627221300ED897D /* Month.swift */,
				51D85F0C26287FC700ED897D /* MonthDetail.swift */,
				AD938E43261F433800C39C22 /* PetView.swift */,
				AD938E45261F438B00C39C22 /* Pet.swift */,
				AD938E47261F44EB00C39C22 /* InfoButtonView.swift */,
			);
			path = PawPlan;
			sourceTree = "<group>";
		};
		51C9959125FA75C100E848C9 /* Preview Content */ = {
			isa = PBXGroup;
			children = (
				51C9959225FA75C100E848C9 /* Preview Assets.xcassets */,
			);
			path = "Preview Content";
			sourceTree = "<group>";
		};
		51C9959F25FA75C100E848C9 /* PawPlanTests */ = {
			isa = PBXGroup;
			children = (
				51C995A025FA75C100E848C9 /* PawPlanTests.swift */,
				51C995A225FA75C100E848C9 /* Info.plist */,
			);
			path = PawPlanTests;
			sourceTree = "<group>";
		};
		51C995AA25FA75C100E848C9 /* PawPlanUITests */ = {
			isa = PBXGroup;
			children = (
				51C995AB25FA75C100E848C9 /* PawPlanUITests.swift */,
				51C995AD25FA75C100E848C9 /* Info.plist */,
			);
			path = PawPlanUITests;
			sourceTree = "<group>";
		};
/* End PBXGroup section */

/* Begin PBXNativeTarget section */
		51C9958525FA75C000E848C9 /* PawPlan */ = {
			isa = PBXNativeTarget;
			buildConfigurationList = 51C995B025FA75C100E848C9 /* Build configuration list for PBXNativeTarget "PawPlan" */;
			buildPhases = (
				51C9958225FA75C000E848C9 /* Sources */,
				51C9958325FA75C000E848C9 /* Frameworks */,
				51C9958425FA75C000E848C9 /* Resources */,
			);
			buildRules = (
			);
			dependencies = (
			);
			name = PawPlan;
			productName = PawPlan;
			productReference = 51C9958625FA75C000E848C9 /* PawPlan.app */;
			productType = "com.apple.product-type.application";
		};
		51C9959B25FA75C100E848C9 /* PawPlanTests */ = {
			isa = PBXNativeTarget;
			buildConfigurationList = 51C995B325FA75C100E848C9 /* Build configuration list for PBXNativeTarget "PawPlanTests" */;
			buildPhases = (
				51C9959825FA75C100E848C9 /* Sources */,
				51C9959925FA75C100E848C9 /* Frameworks */,
				51C9959A25FA75C100E848C9 /* Resources */,
			);
			buildRules = (
			);
			dependencies = (
				51C9959E25FA75C100E848C9 /* PBXTargetDependency */,
			);
			name = PawPlanTests;
			productName = PawPlanTests;
			productReference = 51C9959C25FA75C100E848C9 /* PawPlanTests.xctest */;
			productType = "com.apple.product-type.bundle.unit-test";
		};
		51C995A625FA75C100E848C9 /* PawPlanUITests */ = {
			isa = PBXNativeTarget;
			buildConfigurationList = 51C995B625FA75C100E848C9 /* Build configuration list for PBXNativeTarget "PawPlanUITests" */;
			buildPhases = (
				51C995A325FA75C100E848C9 /* Sources */,
				51C995A425FA75C100E848C9 /* Frameworks */,
				51C995A525FA75C100E848C9 /* Resources */,
			);
			buildRules = (
			);
			dependencies = (
				51C995A925FA75C100E848C9 /* PBXTargetDependency */,
			);
			name = PawPlanUITests;
			productName = PawPlanUITests;
			productReference = 51C995A725FA75C100E848C9 /* PawPlanUITests.xctest */;
			productType = "com.apple.product-type.bundle.ui-testing";
		};
/* End PBXNativeTarget section */

/* Begin PBXProject section */
		51C9957E25FA75C000E848C9 /* Project object */ = {
			isa = PBXProject;
			attributes = {
				LastSwiftUpdateCheck = 1160;
				LastUpgradeCheck = 1160;
				ORGANIZATIONNAME = "Macy Donahoe (student LM)";
				TargetAttributes = {
					51C9958525FA75C000E848C9 = {
						CreatedOnToolsVersion = 11.6;
					};
					51C9959B25FA75C100E848C9 = {
						CreatedOnToolsVersion = 11.6;
						TestTargetID = 51C9958525FA75C000E848C9;
					};
					51C995A625FA75C100E848C9 = {
						CreatedOnToolsVersion = 11.6;
						TestTargetID = 51C9958525FA75C000E848C9;
					};
				};
			};
			buildConfigurationList = 51C9958125FA75C000E848C9 /* Build configuration list for PBXProject "PawPlan" */;
			compatibilityVersion = "Xcode 9.3";
			developmentRegion = en;
			hasScannedForEncodings = 0;
			knownRegions = (
				en,
				Base,
			);
			mainGroup = 51C9957D25FA75C000E848C9;
			productRefGroup = 51C9958725FA75C000E848C9 /* Products */;
			projectDirPath = "";
			projectRoot = "";
			targets = (
				51C9958525FA75C000E848C9 /* PawPlan */,
				51C9959B25FA75C100E848C9 /* PawPlanTests */,
				51C995A625FA75C100E848C9 /* PawPlanUITests */,
			);
		};
/* End PBXProject section */

/* Begin PBXResourcesBuildPhase section */
		51C9958425FA75C000E848C9 /* Resources */ = {
			isa = PBXResourcesBuildPhase;
			buildActionMask = 2147483647;
			files = (
				51C9959625FA75C100E848C9 /* LaunchScreen.storyboard in Resources */,
				51C9959325FA75C100E848C9 /* Preview Assets.xcassets in Resources */,
				51C9959025FA75C100E848C9 /* Assets.xcassets in Resources */,
			);
			runOnlyForDeploymentPostprocessing = 0;
		};
		51C9959A25FA75C100E848C9 /* Resources */ = {
			isa = PBXResourcesBuildPhase;
			buildActionMask = 2147483647;
			files = (
			);
			runOnlyForDeploymentPostprocessing = 0;
		};
		51C995A525FA75C100E848C9 /* Resources */ = {
			isa = PBXResourcesBuildPhase;
			buildActionMask = 2147483647;
			files = (
			);
			runOnlyForDeploymentPostprocessing = 0;
		};
/* End PBXResourcesBuildPhase section */

/* Begin PBXSourcesBuildPhase section */
		51C9958225FA75C000E848C9 /* Sources */ = {
			isa = PBXSourcesBuildPhase;
			buildActionMask = 2147483647;
			files = (
				AD938E40260B742000C39C22 /* Event.swift in Sources */,
				AD1ABE6A260252600073AECD /* AddButtonView.swift in Sources */,
				51C9958A25FA75C000E848C9 /* AppDelegate.swift in Sources */,
				AD1ABE6626023EB80073AECD /* DayDetail.swift in Sources */,
				AD1ABE68260244830073AECD /* Day.swift in Sources */,
				E3B69151261C830E003F554F /* EventDetail.swift in Sources */,
				AD938E48261F44EB00C39C22 /* InfoButtonView.swift in Sources */,
				51C9958C25FA75C000E848C9 /* SceneDelegate.swift in Sources */,
				51D85F0D26287FC700ED897D /* MonthDetail.swift in Sources */,
				51D85F05262720ED00ED897D /* MonthView.swift in Sources */,
				AD1ABE6426023E0F0073AECD /* DayView.swift in Sources */,
				51C9958E25FA75C000E848C9 /* ContentView.swift in Sources */,
				AD938E46261F438B00C39C22 /* Pet.swift in Sources */,
				E3B69153261C8882003F554F /* EventView.swift in Sources */,
				51D85F072627221300ED897D /* Month.swift in Sources */,
				AD938E44261F433800C39C22 /* PetView.swift in Sources */,
			);
			runOnlyForDeploymentPostprocessing = 0;
		};
		51C9959825FA75C100E848C9 /* Sources */ = {
			isa = PBXSourcesBuildPhase;
			buildActionMask = 2147483647;
			files = (
				51C995A125FA75C100E848C9 /* PawPlanTests.swift in Sources */,
			);
			runOnlyForDeploymentPostprocessing = 0;
		};
		51C995A325FA75C100E848C9 /* Sources */ = {
			isa = PBXSourcesBuildPhase;
			buildActionMask = 2147483647;
			files = (
				51C995AC25FA75C100E848C9 /* PawPlanUITests.swift in Sources */,
			);
			runOnlyForDeploymentPostprocessing = 0;
		};
/* End PBXSourcesBuildPhase section */

/* Begin PBXTargetDependency section */
		51C9959E25FA75C100E848C9 /* PBXTargetDependency */ = {
			isa = PBXTargetDependency;
			target = 51C9958525FA75C000E848C9 /* PawPlan */;
			targetProxy = 51C9959D25FA75C100E848C9 /* PBXContainerItemProxy */;
		};
		51C995A925FA75C100E848C9 /* PBXTargetDependency */ = {
			isa = PBXTargetDependency;
			target = 51C9958525FA75C000E848C9 /* PawPlan */;
			targetProxy = 51C995A825FA75C100E848C9 /* PBXContainerItemProxy */;
		};
/* End PBXTargetDependency section */

/* Begin PBXVariantGroup section */
		51C9959425FA75C100E848C9 /* LaunchScreen.storyboard */ = {
			isa = PBXVariantGroup;
			children = (
				51C9959525FA75C100E848C9 /* Base */,
			);
			name = LaunchScreen.storyboard;
			sourceTree = "<group>";
		};
/* End PBXVariantGroup section */

/* Begin XCBuildConfiguration section */
		51C995AE25FA75C100E848C9 /* Debug */ = {
			isa = XCBuildConfiguration;
			buildSettings = {
				ALWAYS_SEARCH_USER_PATHS = NO;
				CLANG_ANALYZER_NONNULL = YES;
				CLANG_ANALYZER_NUMBER_OBJECT_CONVERSION = YES_AGGRESSIVE;
				CLANG_CXX_LANGUAGE_STANDARD = "gnu++14";
				CLANG_CXX_LIBRARY = "libc++";
				CLANG_ENABLE_MODULES = YES;
				CLANG_ENABLE_OBJC_ARC = YES;
				CLANG_ENABLE_OBJC_WEAK = YES;
				CLANG_WARN_BLOCK_CAPTURE_AUTORELEASING = YES;
				CLANG_WARN_BOOL_CONVERSION = YES;
				CLANG_WARN_COMMA = YES;
				CLANG_WARN_CONSTANT_CONVERSION = YES;
				CLANG_WARN_DEPRECATED_OBJC_IMPLEMENTATIONS = YES;
				CLANG_WARN_DIRECT_OBJC_ISA_USAGE = YES_ERROR;
				CLANG_WARN_DOCUMENTATION_COMMENTS = YES;
				CLANG_WARN_EMPTY_BODY = YES;
				CLANG_WARN_ENUM_CONVERSION = YES;
				CLANG_WARN_INFINITE_RECURSION = YES;
				CLANG_WARN_INT_CONVERSION = YES;
				CLANG_WARN_NON_LITERAL_NULL_CONVERSION = YES;
				CLANG_WARN_OBJC_IMPLICIT_RETAIN_SELF = YES;
				CLANG_WARN_OBJC_LITERAL_CONVERSION = YES;
				CLANG_WARN_OBJC_ROOT_CLASS = YES_ERROR;
				CLANG_WARN_RANGE_LOOP_ANALYSIS = YES;
				CLANG_WARN_STRICT_PROTOTYPES = YES;
				CLANG_WARN_SUSPICIOUS_MOVE = YES;
				CLANG_WARN_UNGUARDED_AVAILABILITY = YES_AGGRESSIVE;
				CLANG_WARN_UNREACHABLE_CODE = YES;
				CLANG_WARN__DUPLICATE_METHOD_MATCH = YES;
				COPY_PHASE_STRIP = NO;
				DEBUG_INFORMATION_FORMAT = dwarf;
				ENABLE_STRICT_OBJC_MSGSEND = YES;
				ENABLE_TESTABILITY = YES;
				GCC_C_LANGUAGE_STANDARD = gnu11;
				GCC_DYNAMIC_NO_PIC = NO;
				GCC_NO_COMMON_BLOCKS = YES;
				GCC_OPTIMIZATION_LEVEL = 0;
				GCC_PREPROCESSOR_DEFINITIONS = (
					"DEBUG=1",
					"$(inherited)",
				);
				GCC_WARN_64_TO_32_BIT_CONVERSION = YES;
				GCC_WARN_ABOUT_RETURN_TYPE = YES_ERROR;
				GCC_WARN_UNDECLARED_SELECTOR = YES;
				GCC_WARN_UNINITIALIZED_AUTOS = YES_AGGRESSIVE;
				GCC_WARN_UNUSED_FUNCTION = YES;
				GCC_WARN_UNUSED_VARIABLE = YES;
				IPHONEOS_DEPLOYMENT_TARGET = 13.6;
				MTL_ENABLE_DEBUG_INFO = INCLUDE_SOURCE;
				MTL_FAST_MATH = YES;
				ONLY_ACTIVE_ARCH = YES;
				SDKROOT = iphoneos;
				SWIFT_ACTIVE_COMPILATION_CONDITIONS = DEBUG;
				SWIFT_OPTIMIZATION_LEVEL = "-Onone";
			};
			name = Debug;
		};
		51C995AF25FA75C100E848C9 /* Release */ = {
			isa = XCBuildConfiguration;
			buildSettings = {
				ALWAYS_SEARCH_USER_PATHS = NO;
				CLANG_ANALYZER_NONNULL = YES;
				CLANG_ANALYZER_NUMBER_OBJECT_CONVERSION = YES_AGGRESSIVE;
				CLANG_CXX_LANGUAGE_STANDARD = "gnu++14";
				CLANG_CXX_LIBRARY = "libc++";
				CLANG_ENABLE_MODULES = YES;
				CLANG_ENABLE_OBJC_ARC = YES;
				CLANG_ENABLE_OBJC_WEAK = YES;
				CLANG_WARN_BLOCK_CAPTURE_AUTORELEASING = YES;
				CLANG_WARN_BOOL_CONVERSION = YES;
				CLANG_WARN_COMMA = YES;
				CLANG_WARN_CONSTANT_CONVERSION = YES;
				CLANG_WARN_DEPRECATED_OBJC_IMPLEMENTATIONS = YES;
				CLANG_WARN_DIRECT_OBJC_ISA_USAGE = YES_ERROR;
				CLANG_WARN_DOCUMENTATION_COMMENTS = YES;
				CLANG_WARN_EMPTY_BODY = YES;
				CLANG_WARN_ENUM_CONVERSION = YES;
				CLANG_WARN_INFINITE_RECURSION = YES;
				CLANG_WARN_INT_CONVERSION = YES;
				CLANG_WARN_NON_LITERAL_NULL_CONVERSION = YES;
				CLANG_WARN_OBJC_IMPLICIT_RETAIN_SELF = YES;
				CLANG_WARN_OBJC_LITERAL_CONVERSION = YES;
				CLANG_WARN_OBJC_ROOT_CLASS = YES_ERROR;
				CLANG_WARN_RANGE_LOOP_ANALYSIS = YES;
				CLANG_WARN_STRICT_PROTOTYPES = YES;
				CLANG_WARN_SUSPICIOUS_MOVE = YES;
				CLANG_WARN_UNGUARDED_AVAILABILITY = YES_AGGRESSIVE;
				CLANG_WARN_UNREACHABLE_CODE = YES;
				CLANG_WARN__DUPLICATE_METHOD_MATCH = YES;
				COPY_PHASE_STRIP = NO;
				DEBUG_INFORMATION_FORMAT = "dwarf-with-dsym";
				ENABLE_NS_ASSERTIONS = NO;
				ENABLE_STRICT_OBJC_MSGSEND = YES;
				GCC_C_LANGUAGE_STANDARD = gnu11;
				GCC_NO_COMMON_BLOCKS = YES;
				GCC_WARN_64_TO_32_BIT_CONVERSION = YES;
				GCC_WARN_ABOUT_RETURN_TYPE = YES_ERROR;
				GCC_WARN_UNDECLARED_SELECTOR = YES;
				GCC_WARN_UNINITIALIZED_AUTOS = YES_AGGRESSIVE;
				GCC_WARN_UNUSED_FUNCTION = YES;
				GCC_WARN_UNUSED_VARIABLE = YES;
				IPHONEOS_DEPLOYMENT_TARGET = 13.6;
				MTL_ENABLE_DEBUG_INFO = NO;
				MTL_FAST_MATH = YES;
				SDKROOT = iphoneos;
				SWIFT_COMPILATION_MODE = wholemodule;
				SWIFT_OPTIMIZATION_LEVEL = "-O";
				VALIDATE_PRODUCT = YES;
			};
			name = Release;
		};
		51C995B125FA75C100E848C9 /* Debug */ = {
			isa = XCBuildConfiguration;
			buildSettings = {
				ASSETCATALOG_COMPILER_APPICON_NAME = AppIcon;
				CODE_SIGN_STYLE = Automatic;
				DEVELOPMENT_ASSET_PATHS = "\"PawPlan/Preview Content\"";
				ENABLE_PREVIEWS = YES;
				INFOPLIST_FILE = PawPlan/Info.plist;
				LD_RUNPATH_SEARCH_PATHS = (
					"$(inherited)",
					"@executable_path/Frameworks",
				);
				PRODUCT_BUNDLE_IDENTIFIER = project.PawPlan;
				PRODUCT_NAME = "$(TARGET_NAME)";
				SWIFT_VERSION = 5.0;
				TARGETED_DEVICE_FAMILY = "1,2";
			};
			name = Debug;
		};
		51C995B225FA75C100E848C9 /* Release */ = {
			isa = XCBuildConfiguration;
			buildSettings = {
				ASSETCATALOG_COMPILER_APPICON_NAME = AppIcon;
				CODE_SIGN_STYLE = Automatic;
				DEVELOPMENT_ASSET_PATHS = "\"PawPlan/Preview Content\"";
				ENABLE_PREVIEWS = YES;
				INFOPLIST_FILE = PawPlan/Info.plist;
				LD_RUNPATH_SEARCH_PATHS = (
					"$(inherited)",
					"@executable_path/Frameworks",
				);
				PRODUCT_BUNDLE_IDENTIFIER = project.PawPlan;
				PRODUCT_NAME = "$(TARGET_NAME)";
				SWIFT_VERSION = 5.0;
				TARGETED_DEVICE_FAMILY = "1,2";
			};
			name = Release;
		};
		51C995B425FA75C100E848C9 /* Debug */ = {
			isa = XCBuildConfiguration;
			buildSettings = {
				ALWAYS_EMBED_SWIFT_STANDARD_LIBRARIES = YES;
				BUNDLE_LOADER = "$(TEST_HOST)";
				CODE_SIGN_STYLE = Automatic;
				INFOPLIST_FILE = PawPlanTests/Info.plist;
				IPHONEOS_DEPLOYMENT_TARGET = 13.6;
				LD_RUNPATH_SEARCH_PATHS = (
					"$(inherited)",
					"@executable_path/Frameworks",
					"@loader_path/Frameworks",
				);
				PRODUCT_BUNDLE_IDENTIFIER = project.PawPlanTests;
				PRODUCT_NAME = "$(TARGET_NAME)";
				SWIFT_VERSION = 5.0;
				TARGETED_DEVICE_FAMILY = "1,2";
				TEST_HOST = "$(BUILT_PRODUCTS_DIR)/PawPlan.app/PawPlan";
			};
			name = Debug;
		};
		51C995B525FA75C100E848C9 /* Release */ = {
			isa = XCBuildConfiguration;
			buildSettings = {
				ALWAYS_EMBED_SWIFT_STANDARD_LIBRARIES = YES;
				BUNDLE_LOADER = "$(TEST_HOST)";
				CODE_SIGN_STYLE = Automatic;
				INFOPLIST_FILE = PawPlanTests/Info.plist;
				IPHONEOS_DEPLOYMENT_TARGET = 13.6;
				LD_RUNPATH_SEARCH_PATHS = (
					"$(inherited)",
					"@executable_path/Frameworks",
					"@loader_path/Frameworks",
				);
				PRODUCT_BUNDLE_IDENTIFIER = project.PawPlanTests;
				PRODUCT_NAME = "$(TARGET_NAME)";
				SWIFT_VERSION = 5.0;
				TARGETED_DEVICE_FAMILY = "1,2";
				TEST_HOST = "$(BUILT_PRODUCTS_DIR)/PawPlan.app/PawPlan";
			};
			name = Release;
		};
		51C995B725FA75C100E848C9 /* Debug */ = {
			isa = XCBuildConfiguration;
			buildSettings = {
				ALWAYS_EMBED_SWIFT_STANDARD_LIBRARIES = YES;
				CODE_SIGN_STYLE = Automatic;
				INFOPLIST_FILE = PawPlanUITests/Info.plist;
				LD_RUNPATH_SEARCH_PATHS = (
					"$(inherited)",
					"@executable_path/Frameworks",
					"@loader_path/Frameworks",
				);
				PRODUCT_BUNDLE_IDENTIFIER = project.PawPlanUITests;
				PRODUCT_NAME = "$(TARGET_NAME)";
				SWIFT_VERSION = 5.0;
				TARGETED_DEVICE_FAMILY = "1,2";
				TEST_TARGET_NAME = PawPlan;
			};
			name = Debug;
		};
		51C995B825FA75C100E848C9 /* Release */ = {
			isa = XCBuildConfiguration;
			buildSettings = {
				ALWAYS_EMBED_SWIFT_STANDARD_LIBRARIES = YES;
				CODE_SIGN_STYLE = Automatic;
				INFOPLIST_FILE = PawPlanUITests/Info.plist;
				LD_RUNPATH_SEARCH_PATHS = (
					"$(inherited)",
					"@executable_path/Frameworks",
					"@loader_path/Frameworks",
				);
				PRODUCT_BUNDLE_IDENTIFIER = project.PawPlanUITests;
				PRODUCT_NAME = "$(TARGET_NAME)";
				SWIFT_VERSION = 5.0;
				TARGETED_DEVICE_FAMILY = "1,2";
				TEST_TARGET_NAME = PawPlan;
			};
			name = Release;
		};
/* End XCBuildConfiguration section */

/* Begin XCConfigurationList section */
		51C9958125FA75C000E848C9 /* Build configuration list for PBXProject "PawPlan" */ = {
			isa = XCConfigurationList;
			buildConfigurations = (
				51C995AE25FA75C100E848C9 /* Debug */,
				51C995AF25FA75C100E848C9 /* Release */,
			);
			defaultConfigurationIsVisible = 0;
			defaultConfigurationName = Release;
		};
		51C995B025FA75C100E848C9 /* Build configuration list for PBXNativeTarget "PawPlan" */ = {
			isa = XCConfigurationList;
			buildConfigurations = (
				51C995B125FA75C100E848C9 /* Debug */,
				51C995B225FA75C100E848C9 /* Release */,
			);
			defaultConfigurationIsVisible = 0;
			defaultConfigurationName = Release;
		};
		51C995B325FA75C100E848C9 /* Build configuration list for PBXNativeTarget "PawPlanTests" */ = {
			isa = XCConfigurationList;
			buildConfigurations = (
				51C995B425FA75C100E848C9 /* Debug */,
				51C995B525FA75C100E848C9 /* Release */,
			);
			defaultConfigurationIsVisible = 0;
			defaultConfigurationName = Release;
		};
		51C995B625FA75C100E848C9 /* Build configuration list for PBXNativeTarget "PawPlanUITests" */ = {
			isa = XCConfigurationList;
			buildConfigurations = (
				51C995B725FA75C100E848C9 /* Debug */,
				51C995B825FA75C100E848C9 /* Release */,
			);
			defaultConfigurationIsVisible = 0;
			defaultConfigurationName = Release;
		};
/* End XCConfigurationList section */
	};
	rootObject = 51C9957E25FA75C000E848C9 /* Project object */;
}
